
Microsoft Visual Studio Solution File, Format Version 12.00
# Visual Studio 14
VisualStudioVersion = 14.0.25420.1
MinimumVisualStudioVersion = 10.0.40219.1
Project("{FAE04EC0-301F-11D3-BF4B-00C04F79EFBC}") = "N64Track.Droid", "N64Track\N64Track.Droid\N64Track.Droid.csproj", "{F6628250-C61B-4D31-B323-D02228B58453}"
EndProject
Project("{FAE04EC0-301F-11D3-BF4B-00C04F79EFBC}") = "N64Track.iOS", "N64Track\N64Track.iOS\N64Track.iOS.csproj", "{C7605E9D-1A8A-486A-AE3F-6F5AC6CC8E83}"
EndProject
Project("{FAE04EC0-301F-11D3-BF4B-00C04F79EFBC}") = "N64Track.UWP", "N64Track\N64Track.UWP\N64Track.UWP.csproj", "{6CFA5733-4A54-4531-86C2-87905A3D9465}"
EndProject
Project("{FAE04EC0-301F-11D3-BF4B-00C04F79EFBC}") = "N64Track", "N64Track\N64Track\N64Track.csproj", "{A73619F5-A4CE-4759-BBCC-C554D5259F43}"
EndProject
Global
	GlobalSection(SolutionConfigurationPlatforms) = preSolution
		Ad-Hoc|Any CPU = Ad-Hoc|Any CPU
		Ad-Hoc|ARM = Ad-Hoc|ARM
		Ad-Hoc|iPhone = Ad-Hoc|iPhone
		Ad-Hoc|iPhoneSimulator = Ad-Hoc|iPhoneSimulator
		Ad-Hoc|x64 = Ad-Hoc|x64
		Ad-Hoc|x86 = Ad-Hoc|x86
		AppStore|Any CPU = AppStore|Any CPU
		AppStore|ARM = AppStore|ARM
		AppStore|iPhone = AppStore|iPhone
		AppStore|iPhoneSimulator = AppStore|iPhoneSimulator
		AppStore|x64 = AppStore|x64
		AppStore|x86 = AppStore|x86
		Debug|Any CPU = Debug|Any CPU
		Debug|ARM = Debug|ARM
		Debug|iPhone = Debug|iPhone
		Debug|iPhoneSimulator = Debug|iPhoneSimulator
		Debug|x64 = Debug|x64
		Debug|x86 = Debug|x86
		Release|Any CPU = Release|Any CPU
		Release|ARM = Release|ARM
		Release|iPhone = Release|iPhone
		Release|iPhoneSimulator = Release|iPhoneSimulator
		Release|x64 = Release|x64
		Release|x86 = Release|x86
	EndGlobalSection
	GlobalSection(ProjectConfigurationPlatforms) = postSolution
		{F6628250-C61B-4D31-B323-D02228B58453}.Ad-Hoc|Any CPU.ActiveCfg = Release|Any CPU
		{F6628250-C61B-4D31-B323-D02228B58453}.Ad-Hoc|Any CPU.Build.0 = Release|Any CPU
		{F6628250-C61B-4D31-B323-D02228B58453}.Ad-Hoc|Any CPU.Deploy.0 = Release|Any CPU
		{F6628250-C61B-4D31-B323-D02228B58453}.Ad-Hoc|ARM.ActiveCfg = Release|Any CPU
		{F6628250-C61B-4D31-B323-D02228B58453}.Ad-Hoc|ARM.Build.0 = Release|Any CPU
		{F6628250-C61B-4D31-B323-D02228B58453}.Ad-Hoc|ARM.Deploy.0 = Release|Any CPU
		{F6628250-C61B-4D31-B323-D02228B58453}.Ad-Hoc|iPhone.ActiveCfg = Release|Any CPU
		{F6628250-C61B-4D31-B323-D02228B58453}.Ad-Hoc|iPhone.Build.0 = Release|Any CPU
		{F6628250-C61B-4D31-B323-D02228B58453}.Ad-Hoc|iPhone.Deploy.0 = Release|Any CPU
		{F6628250-C61B-4D31-B323-D02228B58453}.Ad-Hoc|iPhoneSimulator.ActiveCfg = Release|Any CPU
		{F6628250-C61B-4D31-B323-D02228B58453}.Ad-Hoc|iPhoneSimulator.Build.0 = Release|Any CPU
		{F6628250-C61B-4D31-B323-D02228B58453}.Ad-Hoc|iPhoneSimulator.Deploy.0 = Release|Any CPU
		{F6628250-C61B-4D31-B323-D02228B58453}.Ad-Hoc|x64.ActiveCfg = Release|Any CPU
		{F6628250-C61B-4D31-B323-D02228B58453}.Ad-Hoc|x64.Build.0 = Release|Any CPU
		{F6628250-C61B-4D31-B323-D02228B58453}.Ad-Hoc|x64.Deploy.0 = Release|Any CPU
		{F6628250-C61B-4D31-B323-D02228B58453}.Ad-Hoc|x86.ActiveCfg = Release|Any CPU
		{F6628250-C61B-4D31-B323-D02228B58453}.Ad-Hoc|x86.Build.0 = Release|Any CPU
		{F6628250-C61B-4D31-B323-D02228B58453}.Ad-Hoc|x86.Deploy.0 = Release|Any CPU
		{F6628250-C61B-4D31-B323-D02228B58453}.AppStore|Any CPU.ActiveCfg = Release|Any CPU
		{F6628250-C61B-4D31-B323-D02228B58453}.AppStore|Any CPU.Build.0 = Release|Any CPU
		{F6628250-C61B-4D31-B323-D02228B58453}.AppStore|Any CPU.Deploy.0 = Release|Any CPU
		{F6628250-C61B-4D31-B323-D02228B58453}.AppStore|ARM.ActiveCfg = Release|Any CPU
		{F6628250-C61B-4D31-B323-D02228B58453}.AppStore|ARM.Build.0 = Release|Any CPU
		{F6628250-C61B-4D31-B323-D02228B58453}.AppStore|ARM.Deploy.0 = Release|Any CPU
		{F6628250-C61B-4D31-B323-D02228B58453}.AppStore|iPhone.ActiveCfg = Release|Any CPU
		{F6628250-C61B-4D31-B323-D02228B58453}.AppStore|iPhone.Build.0 = Release|Any CPU
		{F6628250-C61B-4D31-B323-D02228B58453}.AppStore|iPhone.Deploy.0 = Release|Any CPU
		{F6628250-C61B-4D31-B323-D02228B58453}.AppStore|iPhoneSimulator.ActiveCfg = Release|Any CPU
		{F6628250-C61B-4D31-B323-D02228B58453}.AppStore|iPhoneSimulator.Build.0 = Release|Any CPU
		{F6628250-C61B-4D31-B323-D02228B58453}.AppStore|iPhoneSimulator.Deploy.0 = Release|Any CPU
		{F6628250-C61B-4D31-B323-D02228B58453}.AppStore|x64.ActiveCfg = Release|Any CPU
		{F6628250-C61B-4D31-B323-D02228B58453}.AppStore|x64.Build.0 = Release|Any CPU
		{F6628250-C61B-4D31-B323-D02228B58453}.AppStore|x64.Deploy.0 = Release|Any CPU
		{F6628250-C61B-4D31-B323-D02228B58453}.AppStore|x86.ActiveCfg = Release|Any CPU
		{F6628250-C61B-4D31-B323-D02228B58453}.AppStore|x86.Build.0 = Release|Any CPU
		{F6628250-C61B-4D31-B323-D02228B58453}.AppStore|x86.Deploy.0 = Release|Any CPU
		{F6628250-C61B-4D31-B323-D02228B58453}.Debug|Any CPU.ActiveCfg = Debug|Any CPU
		{F6628250-C61B-4D31-B323-D02228B58453}.Debug|Any CPU.Build.0 = Debug|Any CPU
		{F6628250-C61B-4D31-B323-D02228B58453}.Debug|Any CPU.Deploy.0 = Debug|Any CPU
		{F6628250-C61B-4D31-B323-D02228B58453}.Debug|ARM.ActiveCfg = Debug|Any CPU
		{F6628250-C61B-4D31-B323-D02228B58453}.Debug|ARM.Build.0 = Debug|Any CPU
		{F6628250-C61B-4D31-B323-D02228B58453}.Debug|ARM.Deploy.0 = Debug|Any CPU
		{F6628250-C61B-4D31-B323-D02228B58453}.Debug|iPhone.ActiveCfg = Debug|Any CPU
		{F6628250-C61B-4D31-B323-D02228B58453}.Debug|iPhone.Build.0 = Debug|Any CPU
		{F6628250-C61B-4D31-B323-D02228B58453}.Debug|iPhone.Deploy.0 = Debug|Any CPU
		{F6628250-C61B-4D31-B323-D02228B58453}.Debug|iPhoneSimulator.ActiveCfg = Debug|Any CPU
		{F6628250-C61B-4D31-B323-D02228B58453}.Debug|iPhoneSimulator.Build.0 = Debug|Any CPU
		{F6628250-C61B-4D31-B323-D02228B58453}.Debug|iPhoneSimulator.Deploy.0 = Debug|Any CPU
		{F6628250-C61B-4D31-B323-D02228B58453}.Debug|x64.ActiveCfg = Debug|Any CPU
		{F6628250-C61B-4D31-B323-D02228B58453}.Debug|x64.Build.0 = Debug|Any CPU
		{F6628250-C61B-4D31-B323-D02228B58453}.Debug|x64.Deploy.0 = Debug|Any CPU
		{F6628250-C61B-4D31-B323-D02228B58453}.Debug|x86.ActiveCfg = Debug|Any CPU
		{F6628250-C61B-4D31-B323-D02228B58453}.Debug|x86.Build.0 = Debug|Any CPU
		{F6628250-C61B-4D31-B323-D02228B58453}.Debug|x86.Deploy.0 = Debug|Any CPU
		{F6628250-C61B-4D31-B323-D02228B58453}.Release|Any CPU.ActiveCfg = Release|Any CPU
		{F6628250-C61B-4D31-B323-D02228B58453}.Release|Any CPU.Build.0 = Release|Any CPU
		{F6628250-C61B-4D31-B323-D02228B58453}.Release|Any CPU.Deploy.0 = Release|Any CPU
		{F6628250-C61B-4D31-B323-D02228B58453}.Release|ARM.ActiveCfg = Release|Any CPU
		{F6628250-C61B-4D31-B323-D02228B58453}.Release|ARM.Build.0 = Release|Any CPU
		{F6628250-C61B-4D31-B323-D02228B58453}.Release|ARM.Deploy.0 = Release|Any CPU
		{F6628250-C61B-4D31-B323-D02228B58453}.Release|iPhone.ActiveCfg = Release|Any CPU
		{F6628250-C61B-4D31-B323-D02228B58453}.Release|iPhone.Build.0 = Release|Any CPU
		{F6628250-C61B-4D31-B323-D02228B58453}.Release|iPhone.Deploy.0 = Release|Any CPU
		{F6628250-C61B-4D31-B323-D02228B58453}.Release|iPhoneSimulator.ActiveCfg = Release|Any CPU
		{F6628250-C61B-4D31-B323-D02228B58453}.Release|iPhoneSimulator.Build.0 = Release|Any CPU
		{F6628250-C61B-4D31-B323-D02228B58453}.Release|iPhoneSimulator.Deploy.0 = Release|Any CPU
		{F6628250-C61B-4D31-B323-D02228B58453}.Release|x64.ActiveCfg = Release|Any CPU
		{F6628250-C61B-4D31-B323-D02228B58453}.Release|x64.Build.0 = Release|Any CPU
		{F6628250-C61B-4D31-B323-D02228B58453}.Release|x64.Deploy.0 = Release|Any CPU
		{F6628250-C61B-4D31-B323-D02228B58453}.Release|x86.ActiveCfg = Release|Any CPU
		{F6628250-C61B-4D31-B323-D02228B58453}.Release|x86.Build.0 = Release|Any CPU
		{F6628250-C61B-4D31-B323-D02228B58453}.Release|x86.Deploy.0 = Release|Any CPU
		{C7605E9D-1A8A-486A-AE3F-6F5AC6CC8E83}.Ad-Hoc|Any CPU.ActiveCfg = Ad-Hoc|iPhone
		{C7605E9D-1A8A-486A-AE3F-6F5AC6CC8E83}.Ad-Hoc|ARM.ActiveCfg = Ad-Hoc|iPhone
		{C7605E9D-1A8A-486A-AE3F-6F5AC6CC8E83}.Ad-Hoc|iPhone.ActiveCfg = Ad-Hoc|iPhone
		{C7605E9D-1A8A-486A-AE3F-6F5AC6CC8E83}.Ad-Hoc|iPhone.Build.0 = Ad-Hoc|iPhone
		{C7605E9D-1A8A-486A-AE3F-6F5AC6CC8E83}.Ad-Hoc|iPhoneSimulator.ActiveCfg = Ad-Hoc|iPhoneSimulator
		{C7605E9D-1A8A-486A-AE3F-6F5AC6CC8E83}.Ad-Hoc|iPhoneSimulator.Build.0 = Ad-Hoc|iPhoneSimulator
		{C7605E9D-1A8A-486A-AE3F-6F5AC6CC8E83}.Ad-Hoc|x64.ActiveCfg = Ad-Hoc|iPhone
		{C7605E9D-1A8A-486A-AE3F-6F5AC6CC8E83}.Ad-Hoc|x86.ActiveCfg = Ad-Hoc|iPhone
		{C7605E9D-1A8A-486A-AE3F-6F5AC6CC8E83}.AppStore|Any CPU.ActiveCfg = AppStore|iPhone
		{C7605E9D-1A8A-486A-AE3F-6F5AC6CC8E83}.AppStore|ARM.ActiveCfg = AppStore|iPhone
		{C7605E9D-1A8A-486A-AE3F-6F5AC6CC8E83}.AppStore|iPhone.ActiveCfg = AppStore|iPhone
		{C7605E9D-1A8A-486A-AE3F-6F5AC6CC8E83}.AppStore|iPhone.Build.0 = AppStore|iPhone
		{C7605E9D-1A8A-486A-AE3F-6F5AC6CC8E83}.AppStore|iPhoneSimulator.ActiveCfg = AppStore|iPhoneSimulator
		{C7605E9D-1A8A-486A-AE3F-6F5AC6CC8E83}.AppStore|iPhoneSimulator.Build.0 = AppStore|iPhoneSimulator
		{C7605E9D-1A8A-486A-AE3F-6F5AC6CC8E83}.AppStore|x64.ActiveCfg = AppStore|iPhone
		{C7605E9D-1A8A-486A-AE3F-6F5AC6CC8E83}.AppStore|x86.ActiveCfg = AppStore|iPhone
		{C7605E9D-1A8A-486A-AE3F-6F5AC6CC8E83}.Debug|Any CPU.ActiveCfg = Debug|iPhone
		{C7605E9D-1A8A-486A-AE3F-6F5AC6CC8E83}.Debug|ARM.ActiveCfg = Debug|iPhone
		{C7605E9D-1A8A-486A-AE3F-6F5AC6CC8E83}.Debug|iPhone.ActiveCfg = Debug|iPhone
		{C7605E9D-1A8A-486A-AE3F-6F5AC6CC8E83}.Debug|iPhone.Build.0 = Debug|iPhone
		{C7605E9D-1A8A-486A-AE3F-6F5AC6CC8E83}.Debug|iPhoneSimulator.ActiveCfg = Debug|iPhoneSimulator
		{C7605E9D-1A8A-486A-AE3F-6F5AC6CC8E83}.Debug|iPhoneSimulator.Build.0 = Debug|iPhoneSimulator
		{C7605E9D-1A8A-486A-AE3F-6F5AC6CC8E83}.Debug|x64.ActiveCfg = Debug|iPhone
		{C7605E9D-1A8A-486A-AE3F-6F5AC6CC8E83}.Debug|x86.ActiveCfg = Debug|iPhone
		{C7605E9D-1A8A-486A-AE3F-6F5AC6CC8E83}.Release|Any CPU.ActiveCfg = Release|iPhone
		{C7605E9D-1A8A-486A-AE3F-6F5AC6CC8E83}.Release|ARM.ActiveCfg = Release|iPhone
		{C7605E9D-1A8A-486A-AE3F-6F5AC6CC8E83}.Release|iPhone.ActiveCfg = Release|iPhone
		{C7605E9D-1A8A-486A-AE3F-6F5AC6CC8E83}.Release|iPhone.Build.0 = Release|iPhone
		{C7605E9D-1A8A-486A-AE3F-6F5AC6CC8E83}.Release|iPhoneSimulator.ActiveCfg = Release|iPhoneSimulator
		{C7605E9D-1A8A-486A-AE3F-6F5AC6CC8E83}.Release|iPhoneSimulator.Build.0 = Release|iPhoneSimulator
		{C7605E9D-1A8A-486A-AE3F-6F5AC6CC8E83}.Release|x64.ActiveCfg = Release|iPhone
		{C7605E9D-1A8A-486A-AE3F-6F5AC6CC8E83}.Release|x86.ActiveCfg = Release|iPhone
		{6CFA5733-4A54-4531-86C2-87905A3D9465}.Ad-Hoc|Any CPU.ActiveCfg = Release|x86
		{6CFA5733-4A54-4531-86C2-87905A3D9465}.Ad-Hoc|Any CPU.Build.0 = Release|x86
		{6CFA5733-4A54-4531-86C2-87905A3D9465}.Ad-Hoc|Any CPU.Deploy.0 = Release|x86
		{6CFA5733-4A54-4531-86C2-87905A3D9465}.Ad-Hoc|ARM.ActiveCfg = Release|ARM
		{6CFA5733-4A54-4531-86C2-87905A3D9465}.Ad-Hoc|ARM.Build.0 = Release|ARM
		{6CFA5733-4A54-4531-86C2-87905A3D9465}.Ad-Hoc|ARM.Deploy.0 = Release|ARM
		{6CFA5733-4A54-4531-86C2-87905A3D9465}.Ad-Hoc|iPhone.ActiveCfg = Release|x86
		{6CFA5733-4A54-4531-86C2-87905A3D9465}.Ad-Hoc|iPhone.Build.0 = Release|x86
		{6CFA5733-4A54-4531-86C2-87905A3D9465}.Ad-Hoc|iPhone.Deploy.0 = Release|x86
		{6CFA5733-4A54-4531-86C2-87905A3D9465}.Ad-Hoc|iPhoneSimulator.ActiveCfg = Release|x86
		{6CFA5733-4A54-4531-86C2-87905A3D9465}.Ad-Hoc|iPhoneSimulator.Build.0 = Release|x86
		{6CFA5733-4A54-4531-86C2-87905A3D9465}.Ad-Hoc|iPhoneSimulator.Deploy.0 = Release|x86
		{6CFA5733-4A54-4531-86C2-87905A3D9465}.Ad-Hoc|x64.ActiveCfg = Release|x64
		{6CFA5733-4A54-4531-86C2-87905A3D9465}.Ad-Hoc|x64.Build.0 = Release|x64
		{6CFA5733-4A54-4531-86C2-87905A3D9465}.Ad-Hoc|x64.Deploy.0 = Release|x64
		{6CFA5733-4A54-4531-86C2-87905A3D9465}.Ad-Hoc|x86.ActiveCfg = Release|x86
		{6CFA5733-4A54-4531-86C2-87905A3D9465}.Ad-Hoc|x86.Build.0 = Release|x86
		{6CFA5733-4A54-4531-86C2-87905A3D9465}.Ad-Hoc|x86.Deploy.0 = Release|x86
		{6CFA5733-4A54-4531-86C2-87905A3D9465}.AppStore|Any CPU.ActiveCfg = Release|x86
		{6CFA5733-4A54-4531-86C2-87905A3D9465}.AppStore|Any CPU.Build.0 = Release|x86
		{6CFA5733-4A54-4531-86C2-87905A3D9465}.AppStore|Any CPU.Deploy.0 = Release|x86
		{6CFA5733-4A54-4531-86C2-87905A3D9465}.AppStore|ARM.ActiveCfg = Release|ARM
		{6CFA5733-4A54-4531-86C2-87905A3D9465}.AppStore|ARM.Build.0 = Release|ARM
		{6CFA5733-4A54-4531-86C2-87905A3D9465}.AppStore|ARM.Deploy.0 = Release|ARM
		{6CFA5733-4A54-4531-86C2-87905A3D9465}.AppStore|iPhone.ActiveCfg = Release|x86
		{6CFA5733-4A54-4531-86C2-87905A3D9465}.AppStore|iPhone.Build.0 = Release|x86
		{6CFA5733-4A54-4531-86C2-87905A3D9465}.AppStore|iPhone.Deploy.0 = Release|x86
		{6CFA5733-4A54-4531-86C2-87905A3D9465}.AppStore|iPhoneSimulator.ActiveCfg = Release|x86
		{6CFA5733-4A54-4531-86C2-87905A3D9465}.AppStore|iPhoneSimulator.Build.0 = Release|x86
		{6CFA5733-4A54-4531-86C2-87905A3D9465}.AppStore|iPhoneSimulator.Deploy.0 = Release|x86
		{6CFA5733-4A54-4531-86C2-87905A3D9465}.AppStore|x64.ActiveCfg = Release|x64
		{6CFA5733-4A54-4531-86C2-87905A3D9465}.AppStore|x64.Build.0 = Release|x64
		{6CFA5733-4A54-4531-86C2-87905A3D9465}.AppStore|x64.Deploy.0 = Release|x64
		{6CFA5733-4A54-4531-86C2-87905A3D9465}.AppStore|x86.ActiveCfg = Release|x86
		{6CFA5733-4A54-4531-86C2-87905A3D9465}.AppStore|x86.Build.0 = Release|x86
		{6CFA5733-4A54-4531-86C2-87905A3D9465}.AppStore|x86.Deploy.0 = Release|x86
		{6CFA5733-4A54-4531-86C2-87905A3D9465}.Debug|Any CPU.ActiveCfg = Debug|x64
		{6CFA5733-4A54-4531-86C2-87905A3D9465}.Debug|Any CPU.Build.0 = Debug|x64
		{6CFA5733-4A54-4531-86C2-87905A3D9465}.Debug|Any CPU.Deploy.0 = Debug|x64
		{6CFA5733-4A54-4531-86C2-87905A3D9465}.Debug|ARM.ActiveCfg = Debug|ARM
		{6CFA5733-4A54-4531-86C2-87905A3D9465}.Debug|ARM.Build.0 = Debug|ARM
		{6CFA5733-4A54-4531-86C2-87905A3D9465}.Debug|ARM.Deploy.0 = Debug|ARM
		{6CFA5733-4A54-4531-86C2-87905A3D9465}.Debug|iPhone.ActiveCfg = Debug|x86
		{6CFA5733-4A54-4531-86C2-87905A3D9465}.Debug|iPhoneSimulator.ActiveCfg = Debug|x86
		{6CFA5733-4A54-4531-86C2-87905A3D9465}.Debug|x64.ActiveCfg = Debug|x64
		{6CFA5733-4A54-4531-86C2-87905A3D9465}.Debug|x64.Build.0 = Debug|x64
		{6CFA5733-4A54-4531-86C2-87905A3D9465}.Debug|x64.Deploy.0 = Debug|x64
		{6CFA5733-4A54-4531-86C2-87905A3D9465}.Debug|x86.ActiveCfg = Debug|x86
		{6CFA5733-4A54-4531-86C2-87905A3D9465}.Debug|x86.Build.0 = Debug|x86
		{6CFA5733-4A54-4531-86C2-87905A3D9465}.Debug|x86.Deploy.0 = Debug|x86
		{6CFA5733-4A54-4531-86C2-87905A3D9465}.Release|Any CPU.ActiveCfg = Release|x86
		{6CFA5733-4A54-4531-86C2-87905A3D9465}.Release|ARM.ActiveCfg = Release|ARM
		{6CFA5733-4A54-4531-86C2-87905A3D9465}.Release|ARM.Build.0 = Release|ARM
		{6CFA5733-4A54-4531-86C2-87905A3D9465}.Release|ARM.Deploy.0 = Release|ARM
		{6CFA5733-4A54-4531-86C2-87905A3D9465}.Release|iPhone.ActiveCfg = Release|x86
		{6CFA5733-4A54-4531-86C2-87905A3D9465}.Release|iPhoneSimulator.ActiveCfg = Release|x86
		{6CFA5733-4A54-4531-86C2-87905A3D9465}.Release|x64.ActiveCfg = Release|x64
		{6CFA5733-4A54-4531-86C2-87905A3D9465}.Release|x64.Build.0 = Release|x64
		{6CFA5733-4A54-4531-86C2-87905A3D9465}.Release|x64.Deploy.0 = Release|x64
		{6CFA5733-4A54-4531-86C2-87905A3D9465}.Release|x86.ActiveCfg = Release|x86
		{6CFA5733-4A54-4531-86C2-87905A3D9465}.Release|x86.Build.0 = Release|x86
		{6CFA5733-4A54-4531-86C2-87905A3D9465}.Release|x86.Deploy.0 = Release|x86
		{A73619F5-A4CE-4759-BBCC-C554D5259F43}.Ad-Hoc|Any CPU.ActiveCfg = Release|Any CPU
		{A73619F5-A4CE-4759-BBCC-C554D5259F43}.Ad-Hoc|Any CPU.Build.0 = Release|Any CPU
		{A73619F5-A4CE-4759-BBCC-C554D5259F43}.Ad-Hoc|ARM.ActiveCfg = Release|Any CPU
		{A73619F5-A4CE-4759-BBCC-C554D5259F43}.Ad-Hoc|ARM.Build.0 = Release|Any CPU
		{A73619F5-A4CE-4759-BBCC-C554D5259F43}.Ad-Hoc|iPhone.ActiveCfg = Release|Any CPU
		{A73619F5-A4CE-4759-BBCC-C554D5259F43}.Ad-Hoc|iPhone.Build.0 = Release|Any CPU
		{A73619F5-A4CE-4759-BBCC-C554D5259F43}.Ad-Hoc|iPhoneSimulator.ActiveCfg = Release|Any CPU
		{A73619F5-A4CE-4759-BBCC-C554D5259F43}.Ad-Hoc|iPhoneSimulator.Build.0 = Release|Any CPU
		{A73619F5-A4CE-4759-BBCC-C554D5259F43}.Ad-Hoc|x64.ActiveCfg = Release|Any CPU
		{A73619F5-A4CE-4759-BBCC-C554D5259F43}.Ad-Hoc|x64.Build.0 = Release|Any CPU
		{A73619F5-A4CE-4759-BBCC-C554D5259F43}.Ad-Hoc|x86.ActiveCfg = Release|Any CPU
		{A73619F5-A4CE-4759-BBCC-C554D5259F43}.Ad-Hoc|x86.Build.0 = Release|Any CPU
		{A73619F5-A4CE-4759-BBCC-C554D5259F43}.AppStore|Any CPU.ActiveCfg = Release|Any CPU
		{A73619F5-A4CE-4759-BBCC-C554D5259F43}.AppStore|Any CPU.Build.0 = Release|Any CPU
		{A73619F5-A4CE-4759-BBCC-C554D5259F43}.AppStore|ARM.ActiveCfg = Release|Any CPU
		{A73619F5-A4CE-4759-BBCC-C554D5259F43}.AppStore|ARM.Build.0 = Release|Any CPU
		{A73619F5-A4CE-4759-BBCC-C554D5259F43}.AppStore|iPhone.ActiveCfg = Release|Any CPU
		{A73619F5-A4CE-4759-BBCC-C554D5259F43}.AppStore|iPhone.Build.0 = Release|Any CPU
		{A73619F5-A4CE-4759-BBCC-C554D5259F43}.AppStore|iPhoneSimulator.ActiveCfg = Release|Any CPU
		{A73619F5-A4CE-4759-BBCC-C554D5259F43}.AppStore|iPhoneSimulator.Build.0 = Release|Any CPU
		{A73619F5-A4CE-4759-BBCC-C554D5259F43}.AppStore|x64.ActiveCfg = Release|Any CPU
		{A73619F5-A4CE-4759-BBCC-C554D5259F43}.AppStore|x64.Build.0 = Release|Any CPU
		{A73619F5-A4CE-4759-BBCC-C554D5259F43}.AppStore|x86.ActiveCfg = Release|Any CPU
		{A73619F5-A4CE-4759-BBCC-C554D5259F43}.AppStore|x86.Build.0 = Release|Any CPU
		{A73619F5-A4CE-4759-BBCC-C554D5259F43}.Debug|Any CPU.ActiveCfg = Debug|Any CPU
		{A73619F5-A4CE-4759-BBCC-C554D5259F43}.Debug|Any CPU.Build.0 = Debug|Any CPU
		{A73619F5-A4CE-4759-BBCC-C554D5259F43}.Debug|ARM.ActiveCfg = Debug|Any CPU
		{A73619F5-A4CE-4759-BBCC-C554D5259F43}.Debug|ARM.Build.0 = Debug|Any CPU
		{A73619F5-A4CE-4759-BBCC-C554D5259F43}.Debug|iPhone.ActiveCfg = Debug|Any CPU
		{A73619F5-A4CE-4759-BBCC-C554D5259F43}.Debug|iPhone.Build.0 = Debug|Any CPU
		{A73619F5-A4CE-4759-BBCC-C554D5259F43}.Debug|iPhoneSimulator.ActiveCfg = Debug|Any CPU
		{A73619F5-A4CE-4759-BBCC-C554D5259F43}.Debug|iPhoneSimulator.Build.0 = Debug|Any CPU
		{A73619F5-A4CE-4759-BBCC-C554D5259F43}.Debug|x64.ActiveCfg = Debug|Any CPU
		{A73619F5-A4CE-4759-BBCC-C554D5259F43}.Debug|x64.Build.0 = Debug|Any CPU
		{A73619F5-A4CE-4759-BBCC-C554D5259F43}.Debug|x86.ActiveCfg = Debug|Any CPU
		{A73619F5-A4CE-4759-BBCC-C554D5259F43}.Debug|x86.Build.0 = Debug|Any CPU
		{A73619F5-A4CE-4759-BBCC-C554D5259F43}.Release|Any CPU.ActiveCfg = Release|Any CPU
		{A73619F5-A4CE-4759-BBCC-C554D5259F43}.Release|Any CPU.Build.0 = Release|Any CPU
		{A73619F5-A4CE-4759-BBCC-C554D5259F43}.Release|ARM.ActiveCfg = Release|Any CPU
		{A73619F5-A4CE-4759-BBCC-C554D5259F43}.Release|ARM.Build.0 = Release|Any CPU
		{A73619F5-A4CE-4759-BBCC-C554D5259F43}.Release|iPhone.ActiveCfg = Release|Any CPU
		{A73619F5-A4CE-4759-BBCC-C554D5259F43}.Release|iPhone.Build.0 = Release|Any CPU
		{A73619F5-A4CE-4759-BBCC-C554D5259F43}.Release|iPhoneSimulator.ActiveCfg = Release|Any CPU
		{A73619F5-A4CE-4759-BBCC-C554D5259F43}.Release|iPhoneSimulator.Build.0 = Release|Any CPU
		{A73619F5-A4CE-4759-BBCC-C554D5259F43}.Release|x64.ActiveCfg = Release|Any CPU
		{A73619F5-A4CE-4759-BBCC-C554D5259F43}.Release|x64.Build.0 = Release|Any CPU
		{A73619F5-A4CE-4759-BBCC-C554D5259F43}.Release|x86.ActiveCfg = Release|Any CPU
		{A73619F5-A4CE-4759-BBCC-C554D5259F43}.Release|x86.Build.0 = Release|Any CPU
	EndGlobalSection
	GlobalSection(SolutionProperties) = preSolution
		HideSolutionNode = FALSE
	EndGlobalSection
EndGlobal
